{
  "name": "19. Apeperia_Acessibilidade_Web",
  "lockfileVersion": 3,
  "requires": true,
  "packages": {
    "": {
      "dependencies": {
        "wicg-inert": "^3.1.2"
      }
    },
    "node_modules/wicg-inert": {
      "version": "3.1.2",
      "resolved": "https://registry.npmjs.org/wicg-inert/-/wicg-inert-3.1.2.tgz",
      "integrity": "sha512-Ba9tGNYxXwaqKEi9sJJvPMKuo063umUPsHN0JJsjrs2j8KDSzkWLMZGZ+MH1Jf1Fq4OWZ5HsESJID6nRza2ang=="
    }
  }
}
